
Microsoft Visual Studio Solution File, Format Version 12.00
# Visual Studio Version 17
VisualStudioVersion = 17.12.35527.113
MinimumVisualStudioVersion = 10.0.40219.1
Project("{FAE04EC0-301F-11D3-BF4B-00C04F79EFBC}") = "Chat", "Chat\Chat.csproj", "{189CA704-97EE-41F5-81E3-5C3F3E9B56B6}"
EndProject
Project("{FAE04EC0-301F-11D3-BF4B-00C04F79EFBC}") = "Chat.Domain", "Chat.Domain\Chat.Domain.csproj", "{87C5F660-BA11-4994-B5DF-FB773AB4D8E2}"
EndProject
Project("{FAE04EC0-301F-11D3-BF4B-00C04F79EFBC}") = "Chat.Infrastructure", "Chat.Infrastructure\Chat.Infrastructure.csproj", "{61054795-620C-42AB-9ABE-9A397CE02332}"
EndProject
Project("{2150E333-8FDC-42A3-9474-1A3956D46DE8}") = "Infrastructure", "Infrastructure", "{7CD624A5-DBC8-4CE1-A6A9-136F0BADC3E9}"
EndProject
Project("{FAE04EC0-301F-11D3-BF4B-00C04F79EFBC}") = "Chat.ConsoleWorker", "Chat.ConsoleWorker\Chat.ConsoleWorker.csproj", "{A5F61749-2BB5-4F2E-852D-1D79C1FF9825}"
EndProject
Global
	GlobalSection(SolutionConfigurationPlatforms) = preSolution
		Debug|Any CPU = Debug|Any CPU
		Release|Any CPU = Release|Any CPU
	EndGlobalSection
	GlobalSection(ProjectConfigurationPlatforms) = postSolution
		{189CA704-97EE-41F5-81E3-5C3F3E9B56B6}.Debug|Any CPU.ActiveCfg = Debug|Any CPU
		{189CA704-97EE-41F5-81E3-5C3F3E9B56B6}.Debug|Any CPU.Build.0 = Debug|Any CPU
		{189CA704-97EE-41F5-81E3-5C3F3E9B56B6}.Release|Any CPU.ActiveCfg = Release|Any CPU
		{189CA704-97EE-41F5-81E3-5C3F3E9B56B6}.Release|Any CPU.Build.0 = Release|Any CPU
		{87C5F660-BA11-4994-B5DF-FB773AB4D8E2}.Debug|Any CPU.ActiveCfg = Debug|Any CPU
		{87C5F660-BA11-4994-B5DF-FB773AB4D8E2}.Debug|Any CPU.Build.0 = Debug|Any CPU
		{87C5F660-BA11-4994-B5DF-FB773AB4D8E2}.Release|Any CPU.ActiveCfg = Release|Any CPU
		{87C5F660-BA11-4994-B5DF-FB773AB4D8E2}.Release|Any CPU.Build.0 = Release|Any CPU
		{61054795-620C-42AB-9ABE-9A397CE02332}.Debug|Any CPU.ActiveCfg = Debug|Any CPU
		{61054795-620C-42AB-9ABE-9A397CE02332}.Debug|Any CPU.Build.0 = Debug|Any CPU
		{61054795-620C-42AB-9ABE-9A397CE02332}.Release|Any CPU.ActiveCfg = Release|Any CPU
		{61054795-620C-42AB-9ABE-9A397CE02332}.Release|Any CPU.Build.0 = Release|Any CPU
		{A5F61749-2BB5-4F2E-852D-1D79C1FF9825}.Debug|Any CPU.ActiveCfg = Debug|Any CPU
		{A5F61749-2BB5-4F2E-852D-1D79C1FF9825}.Debug|Any CPU.Build.0 = Debug|Any CPU
		{A5F61749-2BB5-4F2E-852D-1D79C1FF9825}.Release|Any CPU.ActiveCfg = Release|Any CPU
		{A5F61749-2BB5-4F2E-852D-1D79C1FF9825}.Release|Any CPU.Build.0 = Release|Any CPU
	EndGlobalSection
	GlobalSection(SolutionProperties) = preSolution
		HideSolutionNode = FALSE
	EndGlobalSection
EndGlobal
